PODS:
  - JGProgressHUD (1.3.1)
  - M2DAPIGatekeeper (2.0.0)
  - RDImageViewerController (0.4.0)
  - SDWebImage (3.7.5):
    - SDWebImage/Core (= 3.7.5)
  - SDWebImage/Core (3.7.5)
  - TTTAttributedLabel (1.13.4)

DEPENDENCIES:
  - JGProgressHUD
  - M2DAPIGatekeeper
  - RDImageViewerController
  - SDWebImage
  - TTTAttributedLabel

SPEC CHECKSUMS:
  JGProgressHUD: 153053a21d81208cb5f659691996bcefce6a9885
  M2DAPIGatekeeper: 5b21194c4b2d42443558c7fca2348e3612b42b6c
  RDImageViewerController: 0da9970918f1649c62dbff40a69401db33caf8e0
  SDWebImage: 69c6303e3348fba97e03f65d65d4fbc26740f461
  TTTAttributedLabel: 0a2ac7b2dd726d32a070dafb01446026b11e624f

COCOAPODS: 0.39.0
